
Microsoft Visual Studio Solution File, Format Version 12.00
# Visual Studio Version 17
VisualStudioVersion = 17.9.34622.214
MinimumVisualStudioVersion = 10.0.40219.1
Project("{9A19103F-16F7-4668-BE54-9A1E7A4F7556}") = "UpdateVpnList", "UpdateVpnList.csproj", "{4BF4616F-ED7F-48FD-82BC-22936A7A206D}"
EndProject
Global
	GlobalSection(SolutionConfigurationPlatforms) = preSolution
		Debug|Any CPU = Debug|Any CPU
		Debug|x64 = Debug|x64
		Release|Any CPU = Release|Any CPU
		Release|x64 = Release|x64
	EndGlobalSection
	GlobalSection(ProjectConfigurationPlatforms) = postSolution
		{4BF4616F-ED7F-48FD-82BC-22936A7A206D}.Debug|Any CPU.ActiveCfg = Debug|Any CPU
		{4BF4616F-ED7F-48FD-82BC-22936A7A206D}.Debug|Any CPU.Build.0 = Debug|Any CPU
		{4BF4616F-ED7F-48FD-82BC-22936A7A206D}.Debug|x64.ActiveCfg = Debug|x64
		{4BF4616F-ED7F-48FD-82BC-22936A7A206D}.Debug|x64.Build.0 = Debug|x64
		{4BF4616F-ED7F-48FD-82BC-22936A7A206D}.Release|Any CPU.ActiveCfg = Release|Any CPU
		{4BF4616F-ED7F-48FD-82BC-22936A7A206D}.Release|Any CPU.Build.0 = Release|Any CPU
		{4BF4616F-ED7F-48FD-82BC-22936A7A206D}.Release|x64.ActiveCfg = Release|x64
		{4BF4616F-ED7F-48FD-82BC-22936A7A206D}.Release|x64.Build.0 = Release|x64
	EndGlobalSection
	GlobalSection(SolutionProperties) = preSolution
		HideSolutionNode = FALSE
	EndGlobalSection
	GlobalSection(ExtensibilityGlobals) = postSolution
		SolutionGuid = {93CB1889-6F0B-4D93-B7CD-F973E2979D55}
	EndGlobalSection
EndGlobal
